
Microsoft Visual Studio Solution File, Format Version 12.00
# Visual Studio Version 17
VisualStudioVersion = 17.3.32901.215
MinimumVisualStudioVersion = 10.0.40219.1
Project("{FAE04EC0-301F-11D3-BF4B-00C04F79EFBC}") = "PolupdateTaskManager", "PolupdateTaskManager\PolupdateTaskManager.csproj", "{5879BC81-12A8-48B6-AFC6-5EAA793169EA}"
EndProject
Project("{FAE04EC0-301F-11D3-BF4B-00C04F79EFBC}") = "PolupdateDownloader", "PolupdateDownloader\PolupdateDownloader.csproj", "{B71E3E0B-5052-4F16-8056-1A4F4BF67CC3}"
EndProject
Project("{FAE04EC0-301F-11D3-BF4B-00C04F79EFBC}") = "PolupdateVersionChecker", "PolupdateVersionChecker\PolupdateVersionChecker.csproj", "{52014045-6A7D-4894-B065-B97E5FAF01C9}"
EndProject
Global
	GlobalSection(SolutionConfigurationPlatforms) = preSolution
		Debug|Any CPU = Debug|Any CPU
		Release|Any CPU = Release|Any CPU
	EndGlobalSection
	GlobalSection(ProjectConfigurationPlatforms) = postSolution
		{5879BC81-12A8-48B6-AFC6-5EAA793169EA}.Debug|Any CPU.ActiveCfg = Debug|Any CPU
		{5879BC81-12A8-48B6-AFC6-5EAA793169EA}.Debug|Any CPU.Build.0 = Debug|Any CPU
		{5879BC81-12A8-48B6-AFC6-5EAA793169EA}.Release|Any CPU.ActiveCfg = Release|Any CPU
		{5879BC81-12A8-48B6-AFC6-5EAA793169EA}.Release|Any CPU.Build.0 = Release|Any CPU
		{B71E3E0B-5052-4F16-8056-1A4F4BF67CC3}.Debug|Any CPU.ActiveCfg = Debug|Any CPU
		{B71E3E0B-5052-4F16-8056-1A4F4BF67CC3}.Debug|Any CPU.Build.0 = Debug|Any CPU
		{B71E3E0B-5052-4F16-8056-1A4F4BF67CC3}.Release|Any CPU.ActiveCfg = Release|Any CPU
		{B71E3E0B-5052-4F16-8056-1A4F4BF67CC3}.Release|Any CPU.Build.0 = Release|Any CPU
		{52014045-6A7D-4894-B065-B97E5FAF01C9}.Debug|Any CPU.ActiveCfg = Debug|Any CPU
		{52014045-6A7D-4894-B065-B97E5FAF01C9}.Debug|Any CPU.Build.0 = Debug|Any CPU
		{52014045-6A7D-4894-B065-B97E5FAF01C9}.Release|Any CPU.ActiveCfg = Release|Any CPU
		{52014045-6A7D-4894-B065-B97E5FAF01C9}.Release|Any CPU.Build.0 = Release|Any CPU
	EndGlobalSection
	GlobalSection(SolutionProperties) = preSolution
		HideSolutionNode = FALSE
	EndGlobalSection
	GlobalSection(ExtensibilityGlobals) = postSolution
		SolutionGuid = {3C530D4B-A9A6-4B43-9C28-59D204B797DD}
	EndGlobalSection
EndGlobal
